
Microsoft Visual Studio Solution File, Format Version 12.00
# Visual Studio Version 16
VisualStudioVersion = 16.0.31229.75
MinimumVisualStudioVersion = 10.0.40219.1
Project("{9A19103F-16F7-4668-BE54-9A1E7A4F7556}") = "ReactSample", "ReactSample\ReactSample.csproj", "{535EFB96-DBCE-4004-B159-FA852A600F17}"
EndProject
Project("{9A19103F-16F7-4668-BE54-9A1E7A4F7556}") = "ReactSample.DataAccess", "ReactSample.DataAccess\ReactSample.DataAccess.csproj", "{40440A48-3858-4E57-A178-8D12CE012474}"
EndProject
Project("{9A19103F-16F7-4668-BE54-9A1E7A4F7556}") = "ReactSample.Services", "ReactSample.Services\ReactSample.Services.csproj", "{FBADEA6E-269F-461E-A933-91D881CAC3B9}"
EndProject
Global
	GlobalSection(SolutionConfigurationPlatforms) = preSolution
		Debug|Any CPU = Debug|Any CPU
		Release|Any CPU = Release|Any CPU
	EndGlobalSection
	GlobalSection(ProjectConfigurationPlatforms) = postSolution
		{535EFB96-DBCE-4004-B159-FA852A600F17}.Debug|Any CPU.ActiveCfg = Debug|Any CPU
		{535EFB96-DBCE-4004-B159-FA852A600F17}.Debug|Any CPU.Build.0 = Debug|Any CPU
		{535EFB96-DBCE-4004-B159-FA852A600F17}.Release|Any CPU.ActiveCfg = Release|Any CPU
		{535EFB96-DBCE-4004-B159-FA852A600F17}.Release|Any CPU.Build.0 = Release|Any CPU
		{40440A48-3858-4E57-A178-8D12CE012474}.Debug|Any CPU.ActiveCfg = Debug|Any CPU
		{40440A48-3858-4E57-A178-8D12CE012474}.Debug|Any CPU.Build.0 = Debug|Any CPU
		{40440A48-3858-4E57-A178-8D12CE012474}.Release|Any CPU.ActiveCfg = Release|Any CPU
		{40440A48-3858-4E57-A178-8D12CE012474}.Release|Any CPU.Build.0 = Release|Any CPU
		{FBADEA6E-269F-461E-A933-91D881CAC3B9}.Debug|Any CPU.ActiveCfg = Debug|Any CPU
		{FBADEA6E-269F-461E-A933-91D881CAC3B9}.Debug|Any CPU.Build.0 = Debug|Any CPU
		{FBADEA6E-269F-461E-A933-91D881CAC3B9}.Release|Any CPU.ActiveCfg = Release|Any CPU
		{FBADEA6E-269F-461E-A933-91D881CAC3B9}.Release|Any CPU.Build.0 = Release|Any CPU
	EndGlobalSection
	GlobalSection(SolutionProperties) = preSolution
		HideSolutionNode = FALSE
	EndGlobalSection
	GlobalSection(ExtensibilityGlobals) = postSolution
		SolutionGuid = {12558310-0A56-4B07-A86E-D3B973050A7E}
	EndGlobalSection
EndGlobal
